
Microsoft Visual Studio Solution File, Format Version 12.00
# Visual Studio Version 17
VisualStudioVersion = 17.8.34525.116
MinimumVisualStudioVersion = 10.0.40219.1
Project("{FAE04EC0-301F-11D3-BF4B-00C04F79EFBC}") = "Lab5OOP", "Lab5OOP.csproj", "{7D9A7DBA-382B-4FAC-8AF6-09D893E32F52}"
EndProject
Global
	GlobalSection(SolutionConfigurationPlatforms) = preSolution
		Debug|Any CPU = Debug|Any CPU
		Release|Any CPU = Release|Any CPU
	EndGlobalSection
	GlobalSection(ProjectConfigurationPlatforms) = postSolution
		{7D9A7DBA-382B-4FAC-8AF6-09D893E32F52}.Debug|Any CPU.ActiveCfg = Debug|Any CPU
		{7D9A7DBA-382B-4FAC-8AF6-09D893E32F52}.Debug|Any CPU.Build.0 = Debug|Any CPU
		{7D9A7DBA-382B-4FAC-8AF6-09D893E32F52}.Release|Any CPU.ActiveCfg = Release|Any CPU
		{7D9A7DBA-382B-4FAC-8AF6-09D893E32F52}.Release|Any CPU.Build.0 = Release|Any CPU
	EndGlobalSection
	GlobalSection(SolutionProperties) = preSolution
		HideSolutionNode = FALSE
	EndGlobalSection
	GlobalSection(ExtensibilityGlobals) = postSolution
		SolutionGuid = {FD537A9E-BB8D-4C7C-918C-307F2BE4DF8E}
	EndGlobalSection
EndGlobal
